// !$*UTF8*$!
{
	archiveVersion = 1;
	classes = {
	};
	objectVersion = 55;
	objects = {

/* Begin PBXBuildFile section */
		7D367B7C28B79F6400120AC5 /* LocationService.swift in Sources */ = {isa = PBXBuildFile; fileRef = 7D367B7B28B79F6400120AC5 /* LocationService.swift */; };
		7D70299C28B372D500DC8BC7 /* DailyForecast.swift in Sources */ = {isa = PBXBuildFile; fileRef = 7D70299B28B372D500DC8BC7 /* DailyForecast.swift */; };
		7D70299F28B37DCE00DC8BC7 /* FindCityView.swift in Sources */ = {isa = PBXBuildFile; fileRef = 7D70299E28B37DCE00DC8BC7 /* FindCityView.swift */; };
		7D7029A128B37FB500DC8BC7 /* City.swift in Sources */ = {isa = PBXBuildFile; fileRef = 7D7029A028B37FB500DC8BC7 /* City.swift */; };
		7D7029A328B3800500DC8BC7 /* FindCityViewModel.swift in Sources */ = {isa = PBXBuildFile; fileRef = 7D7029A228B3800500DC8BC7 /* FindCityViewModel.swift */; };
		7D7029A628B3F0B500DC8BC7 /* CityEntity.swift in Sources */ = {isa = PBXBuildFile; fileRef = 7D7029A428B3F0B500DC8BC7 /* CityEntity.swift */; };
		7D9913F428AF9782002DEE8C /* SwiftUIWeatherApp.swift in Sources */ = {isa = PBXBuildFile; fileRef = 7D9913F328AF9782002DEE8C /* SwiftUIWeatherApp.swift */; };
		7D9913F828AF9784002DEE8C /* Assets.xcassets in Resources */ = {isa = PBXBuildFile; fileRef = 7D9913F728AF9784002DEE8C /* Assets.xcassets */; };
		7D9913FB28AF9784002DEE8C /* Preview Assets.xcassets in Resources */ = {isa = PBXBuildFile; fileRef = 7D9913FA28AF9784002DEE8C /* Preview Assets.xcassets */; };
		7D99140028AF9784002DEE8C /* SwiftUIWeather.xcdatamodeld in Sources */ = {isa = PBXBuildFile; fileRef = 7D9913FE28AF9784002DEE8C /* SwiftUIWeather.xcdatamodeld */; };
		7D99140928AFA820002DEE8C /* CoreDataService.swift in Sources */ = {isa = PBXBuildFile; fileRef = 7D99140828AFA820002DEE8C /* CoreDataService.swift */; };
		7D99140B28AFA85F002DEE8C /* ApiService.swift in Sources */ = {isa = PBXBuildFile; fileRef = 7D99140A28AFA85F002DEE8C /* ApiService.swift */; };
		7D99140E28AFA887002DEE8C /* CityView.swift in Sources */ = {isa = PBXBuildFile; fileRef = 7D99140D28AFA887002DEE8C /* CityView.swift */; };
		7D99141328AFAF47002DEE8C /* EndpointProtocol.swift in Sources */ = {isa = PBXBuildFile; fileRef = 7D99141228AFAF47002DEE8C /* EndpointProtocol.swift */; };
		7D99141528AFAFC0002DEE8C /* WeatherEndpoint.swift in Sources */ = {isa = PBXBuildFile; fileRef = 7D99141428AFAFC0002DEE8C /* WeatherEndpoint.swift */; };
		7D99141828AFB39D002DEE8C /* ApiError.swift in Sources */ = {isa = PBXBuildFile; fileRef = 7D99141728AFB39D002DEE8C /* ApiError.swift */; };
		7D99141A28AFB9A2002DEE8C /* WeatherService.swift in Sources */ = {isa = PBXBuildFile; fileRef = 7D99141928AFB9A2002DEE8C /* WeatherService.swift */; };
		7D99141C28AFBA34002DEE8C /* CityViewModel.swift in Sources */ = {isa = PBXBuildFile; fileRef = 7D99141B28AFBA34002DEE8C /* CityViewModel.swift */; };
		7D99141E28AFBCD5002DEE8C /* CurrentWeather.swift in Sources */ = {isa = PBXBuildFile; fileRef = 7D99141D28AFBCD5002DEE8C /* CurrentWeather.swift */; };
		7D99142028AFBD1C002DEE8C /* Coordinates.swift in Sources */ = {isa = PBXBuildFile; fileRef = 7D99141F28AFBD1C002DEE8C /* Coordinates.swift */; };
		7D99142228AFBD78002DEE8C /* TempData.swift in Sources */ = {isa = PBXBuildFile; fileRef = 7D99142128AFBD78002DEE8C /* TempData.swift */; };
		7D99142528AFD197002DEE8C /* WeatherDescription.swift in Sources */ = {isa = PBXBuildFile; fileRef = 7D99142428AFD197002DEE8C /* WeatherDescription.swift */; };
		7D99142828AFFA75002DEE8C /* DailyWeatherView.swift in Sources */ = {isa = PBXBuildFile; fileRef = 7D99142728AFFA75002DEE8C /* DailyWeatherView.swift */; };
		7D99142A28AFFA8A002DEE8C /* HourlyWeatherView.swift in Sources */ = {isa = PBXBuildFile; fileRef = 7D99142928AFFA8A002DEE8C /* HourlyWeatherView.swift */; };
		7D99142C28AFFA99002DEE8C /* CurrentWeatherView.swift in Sources */ = {isa = PBXBuildFile; fileRef = 7D99142B28AFFA99002DEE8C /* CurrentWeatherView.swift */; };
		7D99142E28B00C87002DEE8C /* ForecastResponse.swift in Sources */ = {isa = PBXBuildFile; fileRef = 7D99142D28B00C87002DEE8C /* ForecastResponse.swift */; };
		7D99143128B01224002DEE8C /* Date+Formatter.swift in Sources */ = {isa = PBXBuildFile; fileRef = 7D99143028B01224002DEE8C /* Date+Formatter.swift */; };
		7D99143328B012F4002DEE8C /* Double+ConvertToString.swift in Sources */ = {isa = PBXBuildFile; fileRef = 7D99143228B012F4002DEE8C /* Double+ConvertToString.swift */; };
		7DF55C9528B6098F006409B8 /* MainPageView.swift in Sources */ = {isa = PBXBuildFile; fileRef = 7DF55C9428B6098F006409B8 /* MainPageView.swift */; };
		7DF55C9728B6099C006409B8 /* MainPageViewModel.swift in Sources */ = {isa = PBXBuildFile; fileRef = 7DF55C9628B6099C006409B8 /* MainPageViewModel.swift */; };
/* End PBXBuildFile section */

/* Begin PBXFileReference section */
		7D367B7B28B79F6400120AC5 /* LocationService.swift */ = {isa = PBXFileReference; lastKnownFileType = sourcecode.swift; path = LocationService.swift; sourceTree = "<group>"; };
		7D70299B28B372D500DC8BC7 /* DailyForecast.swift */ = {isa = PBXFileReference; lastKnownFileType = sourcecode.swift; path = DailyForecast.swift; sourceTree = "<group>"; };
		7D70299E28B37DCE00DC8BC7 /* FindCityView.swift */ = {isa = PBXFileReference; lastKnownFileType = sourcecode.swift; path = FindCityView.swift; sourceTree = "<group>"; };
		7D7029A028B37FB500DC8BC7 /* City.swift */ = {isa = PBXFileReference; lastKnownFileType = sourcecode.swift; path = City.swift; sourceTree = "<group>"; };
		7D7029A228B3800500DC8BC7 /* FindCityViewModel.swift */ = {isa = PBXFileReference; lastKnownFileType = sourcecode.swift; path = FindCityViewModel.swift; sourceTree = "<group>"; };
		7D7029A428B3F0B500DC8BC7 /* CityEntity.swift */ = {isa = PBXFileReference; lastKnownFileType = sourcecode.swift; path = CityEntity.swift; sourceTree = "<group>"; };
		7D9913F028AF9782002DEE8C /* SwiftUIWeather.app */ = {isa = PBXFileReference; explicitFileType = wrapper.application; includeInIndex = 0; path = SwiftUIWeather.app; sourceTree = BUILT_PRODUCTS_DIR; };
		7D9913F328AF9782002DEE8C /* SwiftUIWeatherApp.swift */ = {isa = PBXFileReference; lastKnownFileType = sourcecode.swift; path = SwiftUIWeatherApp.swift; sourceTree = "<group>"; };
		7D9913F728AF9784002DEE8C /* Assets.xcassets */ = {isa = PBXFileReference; lastKnownFileType = folder.assetcatalog; path = Assets.xcassets; sourceTree = "<group>"; };
		7D9913FA28AF9784002DEE8C /* Preview Assets.xcassets */ = {isa = PBXFileReference; lastKnownFileType = folder.assetcatalog; path = "Preview Assets.xcassets"; sourceTree = "<group>"; };
		7D9913FF28AF9784002DEE8C /* SwiftUIWeather.xcdatamodel */ = {isa = PBXFileReference; lastKnownFileType = wrapper.xcdatamodel; path = SwiftUIWeather.xcdatamodel; sourceTree = "<group>"; };
		7D99140828AFA820002DEE8C /* CoreDataService.swift */ = {isa = PBXFileReference; lastKnownFileType = sourcecode.swift; path = CoreDataService.swift; sourceTree = "<group>"; };
		7D99140A28AFA85F002DEE8C /* ApiService.swift */ = {isa = PBXFileReference; lastKnownFileType = sourcecode.swift; path = ApiService.swift; sourceTree = "<group>"; };
		7D99140D28AFA887002DEE8C /* CityView.swift */ = {isa = PBXFileReference; lastKnownFileType = sourcecode.swift; path = CityView.swift; sourceTree = "<group>"; };
		7D99141228AFAF47002DEE8C /* EndpointProtocol.swift */ = {isa = PBXFileReference; lastKnownFileType = sourcecode.swift; path = EndpointProtocol.swift; sourceTree = "<group>"; };
		7D99141428AFAFC0002DEE8C /* WeatherEndpoint.swift */ = {isa = PBXFileReference; lastKnownFileType = sourcecode.swift; path = WeatherEndpoint.swift; sourceTree = "<group>"; };
		7D99141728AFB39D002DEE8C /* ApiError.swift */ = {isa = PBXFileReference; lastKnownFileType = sourcecode.swift; path = ApiError.swift; sourceTree = "<group>"; };
		7D99141928AFB9A2002DEE8C /* WeatherService.swift */ = {isa = PBXFileReference; lastKnownFileType = sourcecode.swift; path = WeatherService.swift; sourceTree = "<group>"; };
		7D99141B28AFBA34002DEE8C /* CityViewModel.swift */ = {isa = PBXFileReference; lastKnownFileType = sourcecode.swift; path = CityViewModel.swift; sourceTree = "<group>"; };
		7D99141D28AFBCD5002DEE8C /* CurrentWeather.swift */ = {isa = PBXFileReference; lastKnownFileType = sourcecode.swift; path = CurrentWeather.swift; sourceTree = "<group>"; };
		7D99141F28AFBD1C002DEE8C /* Coordinates.swift */ = {isa = PBXFileReference; lastKnownFileType = sourcecode.swift; path = Coordinates.swift; sourceTree = "<group>"; };
		7D99142128AFBD78002DEE8C /* TempData.swift */ = {isa = PBXFileReference; lastKnownFileType = sourcecode.swift; path = TempData.swift; sourceTree = "<group>"; };
		7D99142428AFD197002DEE8C /* WeatherDescription.swift */ = {isa = PBXFileReference; lastKnownFileType = sourcecode.swift; path = WeatherDescription.swift; sourceTree = "<group>"; };
		7D99142728AFFA75002DEE8C /* DailyWeatherView.swift */ = {isa = PBXFileReference; lastKnownFileType = sourcecode.swift; path = DailyWeatherView.swift; sourceTree = "<group>"; };
		7D99142928AFFA8A002DEE8C /* HourlyWeatherView.swift */ = {isa = PBXFileReference; lastKnownFileType = sourcecode.swift; path = HourlyWeatherView.swift; sourceTree = "<group>"; };
		7D99142B28AFFA99002DEE8C /* CurrentWeatherView.swift */ = {isa = PBXFileReference; lastKnownFileType = sourcecode.swift; path = CurrentWeatherView.swift; sourceTree = "<group>"; };
		7D99142D28B00C87002DEE8C /* ForecastResponse.swift */ = {isa = PBXFileReference; lastKnownFileType = sourcecode.swift; path = ForecastResponse.swift; sourceTree = "<group>"; };
		7D99143028B01224002DEE8C /* Date+Formatter.swift */ = {isa = PBXFileReference; lastKnownFileType = sourcecode.swift; path = "Date+Formatter.swift"; sourceTree = "<group>"; };
		7D99143228B012F4002DEE8C /* Double+ConvertToString.swift */ = {isa = PBXFileReference; lastKnownFileType = sourcecode.swift; path = "Double+ConvertToString.swift"; sourceTree = "<group>"; };
		7DF55C9428B6098F006409B8 /* MainPageView.swift */ = {isa = PBXFileReference; lastKnownFileType = sourcecode.swift; path = MainPageView.swift; sourceTree = "<group>"; };
		7DF55C9628B6099C006409B8 /* MainPageViewModel.swift */ = {isa = PBXFileReference; lastKnownFileType = sourcecode.swift; path = MainPageViewModel.swift; sourceTree = "<group>"; };
/* End PBXFileReference section */

/* Begin PBXFrameworksBuildPhase section */
		7D9913ED28AF9782002DEE8C /* Frameworks */ = {
			isa = PBXFrameworksBuildPhase;
			buildActionMask = 2147483647;
			files = (
			);
			runOnlyForDeploymentPostprocessing = 0;
		};
/* End PBXFrameworksBuildPhase section */

/* Begin PBXGroup section */
		7D70299D28B37DA500DC8BC7 /* Find */ = {
			isa = PBXGroup;
			children = (
				7D70299E28B37DCE00DC8BC7 /* FindCityView.swift */,
				7D7029A228B3800500DC8BC7 /* FindCityViewModel.swift */,
			);
			path = Find;
			sourceTree = "<group>";
		};
		7D7029A828B3F0C000DC8BC7 /* Entity */ = {
			isa = PBXGroup;
			children = (
				7D7029A428B3F0B500DC8BC7 /* CityEntity.swift */,
			);
			path = Entity;
			sourceTree = "<group>";
		};
		7D7029A928B6092200DC8BC7 /* MainPage */ = {
			isa = PBXGroup;
			children = (
				7DF55C9428B6098F006409B8 /* MainPageView.swift */,
				7DF55C9628B6099C006409B8 /* MainPageViewModel.swift */,
			);
			path = MainPage;
			sourceTree = "<group>";
		};
		7D9913E728AF9782002DEE8C = {
			isa = PBXGroup;
			children = (
				7D9913F228AF9782002DEE8C /* SwiftUIWeather */,
				7D9913F128AF9782002DEE8C /* Products */,
			);
			sourceTree = "<group>";
		};
		7D9913F128AF9782002DEE8C /* Products */ = {
			isa = PBXGroup;
			children = (
				7D9913F028AF9782002DEE8C /* SwiftUIWeather.app */,
			);
			name = Products;
			sourceTree = "<group>";
		};
		7D9913F228AF9782002DEE8C /* SwiftUIWeather */ = {
			isa = PBXGroup;
			children = (
				7D99142F28B01210002DEE8C /* Extensions */,
				7D99140728AFA7E1002DEE8C /* Services */,
				7D99140628AFA7DA002DEE8C /* Models */,
				7D99140C28AFA864002DEE8C /* Modules */,
				7D9913F328AF9782002DEE8C /* SwiftUIWeatherApp.swift */,
				7D9913F728AF9784002DEE8C /* Assets.xcassets */,
				7D9913FE28AF9784002DEE8C /* SwiftUIWeather.xcdatamodeld */,
				7D9913F928AF9784002DEE8C /* Preview Content */,
			);
			path = SwiftUIWeather;
			sourceTree = "<group>";
		};
		7D9913F928AF9784002DEE8C /* Preview Content */ = {
			isa = PBXGroup;
			children = (
				7D9913FA28AF9784002DEE8C /* Preview Assets.xcassets */,
			);
			path = "Preview Content";
			sourceTree = "<group>";
		};
		7D99140628AFA7DA002DEE8C /* Models */ = {
			isa = PBXGroup;
			children = (
				7D7029A828B3F0C000DC8BC7 /* Entity */,
				7D99141D28AFBCD5002DEE8C /* CurrentWeather.swift */,
				7D99141F28AFBD1C002DEE8C /* Coordinates.swift */,
				7D99142128AFBD78002DEE8C /* TempData.swift */,
				7D99142428AFD197002DEE8C /* WeatherDescription.swift */,
				7D99142D28B00C87002DEE8C /* ForecastResponse.swift */,
				7D70299B28B372D500DC8BC7 /* DailyForecast.swift */,
				7D7029A028B37FB500DC8BC7 /* City.swift */,
			);
			path = Models;
			sourceTree = "<group>";
		};
		7D99140728AFA7E1002DEE8C /* Services */ = {
			isa = PBXGroup;
			children = (
				7D99141628AFB386002DEE8C /* Local */,
				7D99141028AFAF32002DEE8C /* Network */,
			);
			path = Services;
			sourceTree = "<group>";
		};
		7D99140C28AFA864002DEE8C /* Modules */ = {
			isa = PBXGroup;
			children = (
				7D7029A928B6092200DC8BC7 /* MainPage */,
				7D70299D28B37DA500DC8BC7 /* Find */,
				7D99140F28AFA88C002DEE8C /* City */,
			);
			path = Modules;
			sourceTree = "<group>";
		};
		7D99140F28AFA88C002DEE8C /* City */ = {
			isa = PBXGroup;
			children = (
				7D99142628AFFA51002DEE8C /* Subviews */,
				7D99140D28AFA887002DEE8C /* CityView.swift */,
				7D99141B28AFBA34002DEE8C /* CityViewModel.swift */,
			);
			path = City;
			sourceTree = "<group>";
		};
		7D99141028AFAF32002DEE8C /* Network */ = {
			isa = PBXGroup;
			children = (
				7D99141128AFAF37002DEE8C /* Endpoints */,
				7D99140A28AFA85F002DEE8C /* ApiService.swift */,
				7D99141728AFB39D002DEE8C /* ApiError.swift */,
				7D99141928AFB9A2002DEE8C /* WeatherService.swift */,
			);
			path = Network;
			sourceTree = "<group>";
		};
		7D99141128AFAF37002DEE8C /* Endpoints */ = {
			isa = PBXGroup;
			children = (
				7D99141228AFAF47002DEE8C /* EndpointProtocol.swift */,
				7D99141428AFAFC0002DEE8C /* WeatherEndpoint.swift */,
			);
			path = Endpoints;
			sourceTree = "<group>";
		};
		7D99141628AFB386002DEE8C /* Local */ = {
			isa = PBXGroup;
			children = (
				7D99140828AFA820002DEE8C /* CoreDataService.swift */,
				7D367B7B28B79F6400120AC5 /* LocationService.swift */,
			);
			path = Local;
			sourceTree = "<group>";
		};
		7D99142628AFFA51002DEE8C /* Subviews */ = {
			isa = PBXGroup;
			children = (
				7D99142B28AFFA99002DEE8C /* CurrentWeatherView.swift */,
				7D99142928AFFA8A002DEE8C /* HourlyWeatherView.swift */,
				7D99142728AFFA75002DEE8C /* DailyWeatherView.swift */,
			);
			path = Subviews;
			sourceTree = "<group>";
		};
		7D99142F28B01210002DEE8C /* Extensions */ = {
			isa = PBXGroup;
			children = (
				7D99143028B01224002DEE8C /* Date+Formatter.swift */,
				7D99143228B012F4002DEE8C /* Double+ConvertToString.swift */,
			);
			path = Extensions;
			sourceTree = "<group>";
		};
/* End PBXGroup section */

/* Begin PBXNativeTarget section */
		7D9913EF28AF9782002DEE8C /* SwiftUIWeather */ = {
			isa = PBXNativeTarget;
			buildConfigurationList = 7D99140328AF9784002DEE8C /* Build configuration list for PBXNativeTarget "SwiftUIWeather" */;
			buildPhases = (
				7D9913EC28AF9782002DEE8C /* Sources */,
				7D9913ED28AF9782002DEE8C /* Frameworks */,
				7D9913EE28AF9782002DEE8C /* Resources */,
			);
			buildRules = (
			);
			dependencies = (
			);
			name = SwiftUIWeather;
			productName = SwiftUIWeather;
			productReference = 7D9913F028AF9782002DEE8C /* SwiftUIWeather.app */;
			productType = "com.apple.product-type.application";
		};
/* End PBXNativeTarget section */

/* Begin PBXProject section */
		7D9913E828AF9782002DEE8C /* Project object */ = {
			isa = PBXProject;
			attributes = {
				BuildIndependentTargetsInParallel = 1;
				LastSwiftUpdateCheck = 1340;
				LastUpgradeCheck = 1340;
				TargetAttributes = {
					7D9913EF28AF9782002DEE8C = {
						CreatedOnToolsVersion = 13.4;
					};
				};
			};
			buildConfigurationList = 7D9913EB28AF9782002DEE8C /* Build configuration list for PBXProject "SwiftUIWeather" */;
			compatibilityVersion = "Xcode 13.0";
			developmentRegion = en;
			hasScannedForEncodings = 0;
			knownRegions = (
				en,
				Base,
			);
			mainGroup = 7D9913E728AF9782002DEE8C;
			productRefGroup = 7D9913F128AF9782002DEE8C /* Products */;
			projectDirPath = "";
			projectRoot = "";
			targets = (
				7D9913EF28AF9782002DEE8C /* SwiftUIWeather */,
			);
		};
/* End PBXProject section */

/* Begin PBXResourcesBuildPhase section */
		7D9913EE28AF9782002DEE8C /* Resources */ = {
			isa = PBXResourcesBuildPhase;
			buildActionMask = 2147483647;
			files = (
				7D9913FB28AF9784002DEE8C /* Preview Assets.xcassets in Resources */,
				7D9913F828AF9784002DEE8C /* Assets.xcassets in Resources */,
			);
			runOnlyForDeploymentPostprocessing = 0;
		};
/* End PBXResourcesBuildPhase section */

/* Begin PBXSourcesBuildPhase section */
		7D9913EC28AF9782002DEE8C /* Sources */ = {
			isa = PBXSourcesBuildPhase;
			buildActionMask = 2147483647;
			files = (
				7D99142828AFFA75002DEE8C /* DailyWeatherView.swift in Sources */,
				7D99142A28AFFA8A002DEE8C /* HourlyWeatherView.swift in Sources */,
				7D99142C28AFFA99002DEE8C /* CurrentWeatherView.swift in Sources */,
				7D99143328B012F4002DEE8C /* Double+ConvertToString.swift in Sources */,
				7D99143128B01224002DEE8C /* Date+Formatter.swift in Sources */,
				7D7029A128B37FB500DC8BC7 /* City.swift in Sources */,
				7DF55C9728B6099C006409B8 /* MainPageViewModel.swift in Sources */,
				7D99141A28AFB9A2002DEE8C /* WeatherService.swift in Sources */,
				7D99141528AFAFC0002DEE8C /* WeatherEndpoint.swift in Sources */,
				7D99141828AFB39D002DEE8C /* ApiError.swift in Sources */,
				7D70299F28B37DCE00DC8BC7 /* FindCityView.swift in Sources */,
				7D99140B28AFA85F002DEE8C /* ApiService.swift in Sources */,
				7D99140928AFA820002DEE8C /* CoreDataService.swift in Sources */,
				7DF55C9528B6098F006409B8 /* MainPageView.swift in Sources */,
				7D367B7C28B79F6400120AC5 /* LocationService.swift in Sources */,
				7D99142528AFD197002DEE8C /* WeatherDescription.swift in Sources */,
				7D99142E28B00C87002DEE8C /* ForecastResponse.swift in Sources */,
				7D70299C28B372D500DC8BC7 /* DailyForecast.swift in Sources */,
				7D99141E28AFBCD5002DEE8C /* CurrentWeather.swift in Sources */,
				7D99141C28AFBA34002DEE8C /* CityViewModel.swift in Sources */,
				7D99142228AFBD78002DEE8C /* TempData.swift in Sources */,
				7D7029A328B3800500DC8BC7 /* FindCityViewModel.swift in Sources */,
				7D99142028AFBD1C002DEE8C /* Coordinates.swift in Sources */,
				7D99141328AFAF47002DEE8C /* EndpointProtocol.swift in Sources */,
				7D99140028AF9784002DEE8C /* SwiftUIWeather.xcdatamodeld in Sources */,
				7D7029A628B3F0B500DC8BC7 /* CityEntity.swift in Sources */,
				7D99140E28AFA887002DEE8C /* CityView.swift in Sources */,
				7D9913F428AF9782002DEE8C /* SwiftUIWeatherApp.swift in Sources */,
			);
			runOnlyForDeploymentPostprocessing = 0;
		};
/* End PBXSourcesBuildPhase section */

/* Begin XCBuildConfiguration section */
		7D99140128AF9784002DEE8C /* Debug */ = {
			isa = XCBuildConfiguration;
			buildSettings = {
				ALWAYS_SEARCH_USER_PATHS = NO;
				CLANG_ANALYZER_NONNULL = YES;
				CLANG_ANALYZER_NUMBER_OBJECT_CONVERSION = YES_AGGRESSIVE;
				CLANG_CXX_LANGUAGE_STANDARD = "gnu++17";
				CLANG_ENABLE_MODULES = YES;
				CLANG_ENABLE_OBJC_ARC = YES;
				CLANG_ENABLE_OBJC_WEAK = YES;
				CLANG_WARN_BLOCK_CAPTURE_AUTORELEASING = YES;
				CLANG_WARN_BOOL_CONVERSION = YES;
				CLANG_WARN_COMMA = YES;
				CLANG_WARN_CONSTANT_CONVERSION = YES;
				CLANG_WARN_DEPRECATED_OBJC_IMPLEMENTATIONS = YES;
				CLANG_WARN_DIRECT_OBJC_ISA_USAGE = YES_ERROR;
				CLANG_WARN_DOCUMENTATION_COMMENTS = YES;
				CLANG_WARN_EMPTY_BODY = YES;
				CLANG_WARN_ENUM_CONVERSION = YES;
				CLANG_WARN_INFINITE_RECURSION = YES;
				CLANG_WARN_INT_CONVERSION = YES;
				CLANG_WARN_NON_LITERAL_NULL_CONVERSION = YES;
				CLANG_WARN_OBJC_IMPLICIT_RETAIN_SELF = YES;
				CLANG_WARN_OBJC_LITERAL_CONVERSION = YES;
				CLANG_WARN_OBJC_ROOT_CLASS = YES_ERROR;
				CLANG_WARN_QUOTED_INCLUDE_IN_FRAMEWORK_HEADER = YES;
				CLANG_WARN_RANGE_LOOP_ANALYSIS = YES;
				CLANG_WARN_STRICT_PROTOTYPES = YES;
				CLANG_WARN_SUSPICIOUS_MOVE = YES;
				CLANG_WARN_UNGUARDED_AVAILABILITY = YES_AGGRESSIVE;
				CLANG_WARN_UNREACHABLE_CODE = YES;
				CLANG_WARN__DUPLICATE_METHOD_MATCH = YES;
				COPY_PHASE_STRIP = NO;
				DEBUG_INFORMATION_FORMAT = dwarf;
				ENABLE_STRICT_OBJC_MSGSEND = YES;
				ENABLE_TESTABILITY = YES;
				GCC_C_LANGUAGE_STANDARD = gnu11;
				GCC_DYNAMIC_NO_PIC = NO;
				GCC_NO_COMMON_BLOCKS = YES;
				GCC_OPTIMIZATION_LEVEL = 0;
				GCC_PREPROCESSOR_DEFINITIONS = (
					"DEBUG=1",
					"$(inherited)",
				);
				GCC_WARN_64_TO_32_BIT_CONVERSION = YES;
				GCC_WARN_ABOUT_RETURN_TYPE = YES_ERROR;
				GCC_WARN_UNDECLARED_SELECTOR = YES;
				GCC_WARN_UNINITIALIZED_AUTOS = YES_AGGRESSIVE;
				GCC_WARN_UNUSED_FUNCTION = YES;
				GCC_WARN_UNUSED_VARIABLE = YES;
				IPHONEOS_DEPLOYMENT_TARGET = 15.5;
				MTL_ENABLE_DEBUG_INFO = INCLUDE_SOURCE;
				MTL_FAST_MATH = YES;
				ONLY_ACTIVE_ARCH = YES;
				SDKROOT = iphoneos;
				SWIFT_ACTIVE_COMPILATION_CONDITIONS = DEBUG;
				SWIFT_OPTIMIZATION_LEVEL = "-Onone";
			};
			name = Debug;
		};
		7D99140228AF9784002DEE8C /* Release */ = {
			isa = XCBuildConfiguration;
			buildSettings = {
				ALWAYS_SEARCH_USER_PATHS = NO;
				CLANG_ANALYZER_NONNULL = YES;
				CLANG_ANALYZER_NUMBER_OBJECT_CONVERSION = YES_AGGRESSIVE;
				CLANG_CXX_LANGUAGE_STANDARD = "gnu++17";
				CLANG_ENABLE_MODULES = YES;
				CLANG_ENABLE_OBJC_ARC = YES;
				CLANG_ENABLE_OBJC_WEAK = YES;
				CLANG_WARN_BLOCK_CAPTURE_AUTORELEASING = YES;
				CLANG_WARN_BOOL_CONVERSION = YES;
				CLANG_WARN_COMMA = YES;
				CLANG_WARN_CONSTANT_CONVERSION = YES;
				CLANG_WARN_DEPRECATED_OBJC_IMPLEMENTATIONS = YES;
				CLANG_WARN_DIRECT_OBJC_ISA_USAGE = YES_ERROR;
				CLANG_WARN_DOCUMENTATION_COMMENTS = YES;
				CLANG_WARN_EMPTY_BODY = YES;
				CLANG_WARN_ENUM_CONVERSION = YES;
				CLANG_WARN_INFINITE_RECURSION = YES;
				CLANG_WARN_INT_CONVERSION = YES;
				CLANG_WARN_NON_LITERAL_NULL_CONVERSION = YES;
				CLANG_WARN_OBJC_IMPLICIT_RETAIN_SELF = YES;
				CLANG_WARN_OBJC_LITERAL_CONVERSION = YES;
				CLANG_WARN_OBJC_ROOT_CLASS = YES_ERROR;
				CLANG_WARN_QUOTED_INCLUDE_IN_FRAMEWORK_HEADER = YES;
				CLANG_WARN_RANGE_LOOP_ANALYSIS = YES;
				CLANG_WARN_STRICT_PROTOTYPES = YES;
				CLANG_WARN_SUSPICIOUS_MOVE = YES;
				CLANG_WARN_UNGUARDED_AVAILABILITY = YES_AGGRESSIVE;
				CLANG_WARN_UNREACHABLE_CODE = YES;
				CLANG_WARN__DUPLICATE_METHOD_MATCH = YES;
				COPY_PHASE_STRIP = NO;
				DEBUG_INFORMATION_FORMAT = "dwarf-with-dsym";
				ENABLE_NS_ASSERTIONS = NO;
				ENABLE_STRICT_OBJC_MSGSEND = YES;
				GCC_C_LANGUAGE_STANDARD = gnu11;
				GCC_NO_COMMON_BLOCKS = YES;
				GCC_WARN_64_TO_32_BIT_CONVERSION = YES;
				GCC_WARN_ABOUT_RETURN_TYPE = YES_ERROR;
				GCC_WARN_UNDECLARED_SELECTOR = YES;
				GCC_WARN_UNINITIALIZED_AUTOS = YES_AGGRESSIVE;
				GCC_WARN_UNUSED_FUNCTION = YES;
				GCC_WARN_UNUSED_VARIABLE = YES;
				IPHONEOS_DEPLOYMENT_TARGET = 15.5;
				MTL_ENABLE_DEBUG_INFO = NO;
				MTL_FAST_MATH = YES;
				SDKROOT = iphoneos;
				SWIFT_COMPILATION_MODE = wholemodule;
				SWIFT_OPTIMIZATION_LEVEL = "-O";
				VALIDATE_PRODUCT = YES;
			};
			name = Release;
		};
		7D99140428AF9784002DEE8C /* Debug */ = {
			isa = XCBuildConfiguration;
			buildSettings = {
				ASSETCATALOG_COMPILER_APPICON_NAME = AppIcon;
				ASSETCATALOG_COMPILER_GLOBAL_ACCENT_COLOR_NAME = AccentColor;
				CODE_SIGN_STYLE = Automatic;
				CURRENT_PROJECT_VERSION = 1;
				DEVELOPMENT_ASSET_PATHS = "\"SwiftUIWeather/Preview Content\"";
				DEVELOPMENT_TEAM = QH46V8ML59;
				ENABLE_PREVIEWS = YES;
				GENERATE_INFOPLIST_FILE = YES;
				INFOPLIST_KEY_NSLocationWhenInUseUsageDescription = "App needs your location to get current weather";
				INFOPLIST_KEY_UIApplicationSceneManifest_Generation = YES;
				INFOPLIST_KEY_UIApplicationSupportsIndirectInputEvents = YES;
				INFOPLIST_KEY_UILaunchScreen_Generation = YES;
				INFOPLIST_KEY_UISupportedInterfaceOrientations_iPad = "UIInterfaceOrientationPortrait UIInterfaceOrientationPortraitUpsideDown UIInterfaceOrientationLandscapeLeft UIInterfaceOrientationLandscapeRight";
				INFOPLIST_KEY_UISupportedInterfaceOrientations_iPhone = "UIInterfaceOrientationPortrait UIInterfaceOrientationLandscapeLeft UIInterfaceOrientationLandscapeRight";
				LD_RUNPATH_SEARCH_PATHS = (
					"$(inherited)",
					"@executable_path/Frameworks",
				);
				MARKETING_VERSION = 1.0;
				PRODUCT_BUNDLE_IDENTIFIER = com.igorPinaev.SwiftUIWeather;
				PRODUCT_NAME = "$(TARGET_NAME)";
				SWIFT_EMIT_LOC_STRINGS = YES;
				SWIFT_VERSION = 5.0;
				TARGETED_DEVICE_FAMILY = "1,2";
			};
			name = Debug;
		};
		7D99140528AF9784002DEE8C /* Release */ = {
			isa = XCBuildConfiguration;
			buildSettings = {
				ASSETCATALOG_COMPILER_APPICON_NAME = AppIcon;
				ASSETCATALOG_COMPILER_GLOBAL_ACCENT_COLOR_NAME = AccentColor;
				CODE_SIGN_STYLE = Automatic;
				CURRENT_PROJECT_VERSION = 1;
				DEVELOPMENT_ASSET_PATHS = "\"SwiftUIWeather/Preview Content\"";
				DEVELOPMENT_TEAM = QH46V8ML59;
				ENABLE_PREVIEWS = YES;
				GENERATE_INFOPLIST_FILE = YES;
				INFOPLIST_KEY_NSLocationWhenInUseUsageDescription = "App needs your location to get current weather";
				INFOPLIST_KEY_UIApplicationSceneManifest_Generation = YES;
				INFOPLIST_KEY_UIApplicationSupportsIndirectInputEvents = YES;
				INFOPLIST_KEY_UILaunchScreen_Generation = YES;
				INFOPLIST_KEY_UISupportedInterfaceOrientations_iPad = "UIInterfaceOrientationPortrait UIInterfaceOrientationPortraitUpsideDown UIInterfaceOrientationLandscapeLeft UIInterfaceOrientationLandscapeRight";
				INFOPLIST_KEY_UISupportedInterfaceOrientations_iPhone = "UIInterfaceOrientationPortrait UIInterfaceOrientationLandscapeLeft UIInterfaceOrientationLandscapeRight";
				LD_RUNPATH_SEARCH_PATHS = (
					"$(inherited)",
					"@executable_path/Frameworks",
				);
				MARKETING_VERSION = 1.0;
				PRODUCT_BUNDLE_IDENTIFIER = com.igorPinaev.SwiftUIWeather;
				PRODUCT_NAME = "$(TARGET_NAME)";
				SWIFT_EMIT_LOC_STRINGS = YES;
				SWIFT_VERSION = 5.0;
				TARGETED_DEVICE_FAMILY = "1,2";
			};
			name = Release;
		};
/* End XCBuildConfiguration section */

/* Begin XCConfigurationList section */
		7D9913EB28AF9782002DEE8C /* Build configuration list for PBXProject "SwiftUIWeather" */ = {
			isa = XCConfigurationList;
			buildConfigurations = (
				7D99140128AF9784002DEE8C /* Debug */,
				7D99140228AF9784002DEE8C /* Release */,
			);
			defaultConfigurationIsVisible = 0;
			defaultConfigurationName = Release;
		};
		7D99140328AF9784002DEE8C /* Build configuration list for PBXNativeTarget "SwiftUIWeather" */ = {
			isa = XCConfigurationList;
			buildConfigurations = (
				7D99140428AF9784002DEE8C /* Debug */,
				7D99140528AF9784002DEE8C /* Release */,
			);
			defaultConfigurationIsVisible = 0;
			defaultConfigurationName = Release;
		};
/* End XCConfigurationList section */

/* Begin XCVersionGroup section */
		7D9913FE28AF9784002DEE8C /* SwiftUIWeather.xcdatamodeld */ = {
			isa = XCVersionGroup;
			children = (
				7D9913FF28AF9784002DEE8C /* SwiftUIWeather.xcdatamodel */,
			);
			currentVersion = 7D9913FF28AF9784002DEE8C /* SwiftUIWeather.xcdatamodel */;
			path = SwiftUIWeather.xcdatamodeld;
			sourceTree = "<group>";
			versionGroupType = wrapper.xcdatamodel;
		};
/* End XCVersionGroup section */
	};
	rootObject = 7D9913E828AF9782002DEE8C /* Project object */;
}
